
Microsoft Visual Studio Solution File, Format Version 12.00
# Visual Studio Version 16
VisualStudioVersion = 16.0.34729.46
MinimumVisualStudioVersion = 10.0.40219.1
Project("{FAE04EC0-301F-11D3-BF4B-00C04F79EFBC}") = "ejemplo1", "ejemplo1\ejemplo1.csproj", "{11D11913-0810-468D-ADBF-B4A3C9A5A423}"
EndProject
Global
	GlobalSection(SolutionConfigurationPlatforms) = preSolution
		Debug|Any CPU = Debug|Any CPU
		Release|Any CPU = Release|Any CPU
	EndGlobalSection
	GlobalSection(ProjectConfigurationPlatforms) = postSolution
		{11D11913-0810-468D-ADBF-B4A3C9A5A423}.Debug|Any CPU.ActiveCfg = Debug|Any CPU
		{11D11913-0810-468D-ADBF-B4A3C9A5A423}.Debug|Any CPU.Build.0 = Debug|Any CPU
		{11D11913-0810-468D-ADBF-B4A3C9A5A423}.Release|Any CPU.ActiveCfg = Release|Any CPU
		{11D11913-0810-468D-ADBF-B4A3C9A5A423}.Release|Any CPU.Build.0 = Release|Any CPU
	EndGlobalSection
	GlobalSection(SolutionProperties) = preSolution
		HideSolutionNode = FALSE
	EndGlobalSection
	GlobalSection(ExtensibilityGlobals) = postSolution
		SolutionGuid = {DE10F124-A474-4B7C-9817-E68545BCD946}
	EndGlobalSection
EndGlobal
