
Microsoft Visual Studio Solution File, Format Version 12.00
# Visual Studio Version 16
VisualStudioVersion = 16.0.34729.46
MinimumVisualStudioVersion = 10.0.40219.1
Project("{FAE04EC0-301F-11D3-BF4B-00C04F79EFBC}") = "appRegistroPersona", "appRegistroPersona\appRegistroPersona.csproj", "{C25700B8-EC3E-48B5-A2AC-C3A5ABA5E0CD}"
EndProject
Project("{FAE04EC0-301F-11D3-BF4B-00C04F79EFBC}") = "Dominio", "Dominio\Dominio.csproj", "{78327775-AF12-44F2-871D-B8152C055B2E}"
EndProject
Project("{FAE04EC0-301F-11D3-BF4B-00C04F79EFBC}") = "Negocio", "RegistroNegocio\Negocio.csproj", "{FB17FDA3-7456-496D-B809-084BE71B8CDC}"
EndProject
Global
	GlobalSection(SolutionConfigurationPlatforms) = preSolution
		Debug|Any CPU = Debug|Any CPU
		Release|Any CPU = Release|Any CPU
	EndGlobalSection
	GlobalSection(ProjectConfigurationPlatforms) = postSolution
		{C25700B8-EC3E-48B5-A2AC-C3A5ABA5E0CD}.Debug|Any CPU.ActiveCfg = Debug|Any CPU
		{C25700B8-EC3E-48B5-A2AC-C3A5ABA5E0CD}.Debug|Any CPU.Build.0 = Debug|Any CPU
		{C25700B8-EC3E-48B5-A2AC-C3A5ABA5E0CD}.Release|Any CPU.ActiveCfg = Release|Any CPU
		{C25700B8-EC3E-48B5-A2AC-C3A5ABA5E0CD}.Release|Any CPU.Build.0 = Release|Any CPU
		{78327775-AF12-44F2-871D-B8152C055B2E}.Debug|Any CPU.ActiveCfg = Debug|Any CPU
		{78327775-AF12-44F2-871D-B8152C055B2E}.Debug|Any CPU.Build.0 = Debug|Any CPU
		{78327775-AF12-44F2-871D-B8152C055B2E}.Release|Any CPU.ActiveCfg = Release|Any CPU
		{78327775-AF12-44F2-871D-B8152C055B2E}.Release|Any CPU.Build.0 = Release|Any CPU
		{FB17FDA3-7456-496D-B809-084BE71B8CDC}.Debug|Any CPU.ActiveCfg = Debug|Any CPU
		{FB17FDA3-7456-496D-B809-084BE71B8CDC}.Debug|Any CPU.Build.0 = Debug|Any CPU
		{FB17FDA3-7456-496D-B809-084BE71B8CDC}.Release|Any CPU.ActiveCfg = Release|Any CPU
		{FB17FDA3-7456-496D-B809-084BE71B8CDC}.Release|Any CPU.Build.0 = Release|Any CPU
	EndGlobalSection
	GlobalSection(SolutionProperties) = preSolution
		HideSolutionNode = FALSE
	EndGlobalSection
	GlobalSection(ExtensibilityGlobals) = postSolution
		SolutionGuid = {321BF5D3-804A-4F6D-AFD0-14FA849580D4}
	EndGlobalSection
EndGlobal
