
Microsoft Visual Studio Solution File, Format Version 12.00
# Visual Studio Version 16
VisualStudioVersion = 16.0.34729.46
MinimumVisualStudioVersion = 10.0.40219.1
Project("{FAE04EC0-301F-11D3-BF4B-00C04F79EFBC}") = "ejemplo1", "ejemplo1\ejemplo1.csproj", "{1EADF26F-A508-44E9-B033-BFC372C0325A}"
EndProject
Global
	GlobalSection(SolutionConfigurationPlatforms) = preSolution
		Debug|Any CPU = Debug|Any CPU
		Release|Any CPU = Release|Any CPU
	EndGlobalSection
	GlobalSection(ProjectConfigurationPlatforms) = postSolution
		{1EADF26F-A508-44E9-B033-BFC372C0325A}.Debug|Any CPU.ActiveCfg = Debug|Any CPU
		{1EADF26F-A508-44E9-B033-BFC372C0325A}.Debug|Any CPU.Build.0 = Debug|Any CPU
		{1EADF26F-A508-44E9-B033-BFC372C0325A}.Release|Any CPU.ActiveCfg = Release|Any CPU
		{1EADF26F-A508-44E9-B033-BFC372C0325A}.Release|Any CPU.Build.0 = Release|Any CPU
	EndGlobalSection
	GlobalSection(SolutionProperties) = preSolution
		HideSolutionNode = FALSE
	EndGlobalSection
	GlobalSection(ExtensibilityGlobals) = postSolution
		SolutionGuid = {076A3AEC-C48B-409E-98E6-5EB4D21C9767}
	EndGlobalSection
EndGlobal
